
Microsoft Visual Studio Solution File, Format Version 12.00
# Visual Studio Version 17
VisualStudioVersion = 17.8.34525.116
MinimumVisualStudioVersion = 10.0.40219.1
Project("{9A19103F-16F7-4668-BE54-9A1E7A4F7556}") = "LiveChat", "LiveChat\LiveChat.csproj", "{4A7C7C4F-8EBB-4291-B621-72893B0083C5}"
EndProject
Global
	GlobalSection(SolutionConfigurationPlatforms) = preSolution
		Debug|Any CPU = Debug|Any CPU
		Release|Any CPU = Release|Any CPU
	EndGlobalSection
	GlobalSection(ProjectConfigurationPlatforms) = postSolution
		{4A7C7C4F-8EBB-4291-B621-72893B0083C5}.Debug|Any CPU.ActiveCfg = Debug|Any CPU
		{4A7C7C4F-8EBB-4291-B621-72893B0083C5}.Debug|Any CPU.Build.0 = Debug|Any CPU
		{4A7C7C4F-8EBB-4291-B621-72893B0083C5}.Release|Any CPU.ActiveCfg = Release|Any CPU
		{4A7C7C4F-8EBB-4291-B621-72893B0083C5}.Release|Any CPU.Build.0 = Release|Any CPU
	EndGlobalSection
	GlobalSection(SolutionProperties) = preSolution
		HideSolutionNode = FALSE
	EndGlobalSection
	GlobalSection(ExtensibilityGlobals) = postSolution
		SolutionGuid = {799DD9D7-B01F-4804-88D5-1D58B5D036C9}
	EndGlobalSection
EndGlobal
